
Microsoft Visual Studio Solution File, Format Version 12.00
# Visual Studio Version 17
VisualStudioVersion = 17.1.32328.378
MinimumVisualStudioVersion = 10.0.40219.1
Project("{888888A0-9F3D-457C-B088-3A5042F75D52}") = "Bl4ckLocker", "Bl4ckLocker\Bl4ckLocker.pyproj", "{B8E53163-3CDA-4B44-964B-3F9EF0E7F590}"
EndProject
Global
	GlobalSection(SolutionConfigurationPlatforms) = preSolution
		Debug|Any CPU = Debug|Any CPU
		Release|Any CPU = Release|Any CPU
	EndGlobalSection
	GlobalSection(ProjectConfigurationPlatforms) = postSolution
		{B8E53163-3CDA-4B44-964B-3F9EF0E7F590}.Debug|Any CPU.ActiveCfg = Debug|Any CPU
		{B8E53163-3CDA-4B44-964B-3F9EF0E7F590}.Release|Any CPU.ActiveCfg = Release|Any CPU
	EndGlobalSection
	GlobalSection(SolutionProperties) = preSolution
		HideSolutionNode = FALSE
	EndGlobalSection
	GlobalSection(ExtensibilityGlobals) = postSolution
		SolutionGuid = {F182AF34-D326-424D-89D3-94B9ED761B09}
	EndGlobalSection
EndGlobal
